
Microsoft Visual Studio Solution File, Format Version 12.00
# Visual Studio Version 17
VisualStudioVersion = 17.13.36105.23 d17.13
MinimumVisualStudioVersion = 10.0.40219.1
Project("{FAE04EC0-301F-11D3-BF4B-00C04F79EFBC}") = "FileStoringService", "FileStoringService\FileStoringService.csproj", "{9B8F47D8-D2B0-482B-8A44-417C26B6FDC6}"
EndProject
Global
	GlobalSection(SolutionConfigurationPlatforms) = preSolution
		Debug|Any CPU = Debug|Any CPU
		Release|Any CPU = Release|Any CPU
	EndGlobalSection
	GlobalSection(ProjectConfigurationPlatforms) = postSolution
		{9B8F47D8-D2B0-482B-8A44-417C26B6FDC6}.Debug|Any CPU.ActiveCfg = Debug|Any CPU
		{9B8F47D8-D2B0-482B-8A44-417C26B6FDC6}.Debug|Any CPU.Build.0 = Debug|Any CPU
		{9B8F47D8-D2B0-482B-8A44-417C26B6FDC6}.Release|Any CPU.ActiveCfg = Release|Any CPU
		{9B8F47D8-D2B0-482B-8A44-417C26B6FDC6}.Release|Any CPU.Build.0 = Release|Any CPU
	EndGlobalSection
	GlobalSection(SolutionProperties) = preSolution
		HideSolutionNode = FALSE
	EndGlobalSection
	GlobalSection(ExtensibilityGlobals) = postSolution
		SolutionGuid = {C5759AEB-6939-415E-BEC1-3F30C8C7E370}
	EndGlobalSection
EndGlobal
