
Microsoft Visual Studio Solution File, Format Version 12.00
# Visual Studio Version 17
VisualStudioVersion = 17.12.35728.132
MinimumVisualStudioVersion = 10.0.40219.1
Project("{FAE04EC0-301F-11D3-BF4B-00C04F79EFBC}") = "KPO-1", "KPO-1\KPO-1.csproj", "{1F527C14-7650-499F-8AC3-581C23A8666E}"
EndProject
Project("{FAE04EC0-301F-11D3-BF4B-00C04F79EFBC}") = "Zoo", "Zoo\Zoo.csproj", "{DEE4A91E-EDD1-4DEF-BCA6-1E3961BB7848}"
EndProject
Global
	GlobalSection(SolutionConfigurationPlatforms) = preSolution
		Debug|Any CPU = Debug|Any CPU
		Release|Any CPU = Release|Any CPU
	EndGlobalSection
	GlobalSection(ProjectConfigurationPlatforms) = postSolution
		{1F527C14-7650-499F-8AC3-581C23A8666E}.Debug|Any CPU.ActiveCfg = Debug|Any CPU
		{1F527C14-7650-499F-8AC3-581C23A8666E}.Debug|Any CPU.Build.0 = Debug|Any CPU
		{1F527C14-7650-499F-8AC3-581C23A8666E}.Release|Any CPU.ActiveCfg = Release|Any CPU
		{1F527C14-7650-499F-8AC3-581C23A8666E}.Release|Any CPU.Build.0 = Release|Any CPU
		{DEE4A91E-EDD1-4DEF-BCA6-1E3961BB7848}.Debug|Any CPU.ActiveCfg = Debug|Any CPU
		{DEE4A91E-EDD1-4DEF-BCA6-1E3961BB7848}.Debug|Any CPU.Build.0 = Debug|Any CPU
		{DEE4A91E-EDD1-4DEF-BCA6-1E3961BB7848}.Release|Any CPU.ActiveCfg = Release|Any CPU
		{DEE4A91E-EDD1-4DEF-BCA6-1E3961BB7848}.Release|Any CPU.Build.0 = Release|Any CPU
	EndGlobalSection
	GlobalSection(SolutionProperties) = preSolution
		HideSolutionNode = FALSE
	EndGlobalSection
EndGlobal
