
Microsoft Visual Studio Solution File, Format Version 12.00
# Visual Studio Version 17
VisualStudioVersion = 17.13.36105.23 d17.13
MinimumVisualStudioVersion = 10.0.40219.1
Project("{FAE04EC0-301F-11D3-BF4B-00C04F79EFBC}") = "APIGateway", "APIGateway\APIGateway.csproj", "{C525ECC9-9BAC-49EB-B8BB-442471F8D25B}"
EndProject
Global
	GlobalSection(SolutionConfigurationPlatforms) = preSolution
		Debug|Any CPU = Debug|Any CPU
		Release|Any CPU = Release|Any CPU
	EndGlobalSection
	GlobalSection(ProjectConfigurationPlatforms) = postSolution
		{C525ECC9-9BAC-49EB-B8BB-442471F8D25B}.Debug|Any CPU.ActiveCfg = Debug|Any CPU
		{C525ECC9-9BAC-49EB-B8BB-442471F8D25B}.Debug|Any CPU.Build.0 = Debug|Any CPU
		{C525ECC9-9BAC-49EB-B8BB-442471F8D25B}.Release|Any CPU.ActiveCfg = Release|Any CPU
		{C525ECC9-9BAC-49EB-B8BB-442471F8D25B}.Release|Any CPU.Build.0 = Release|Any CPU
	EndGlobalSection
	GlobalSection(SolutionProperties) = preSolution
		HideSolutionNode = FALSE
	EndGlobalSection
	GlobalSection(ExtensibilityGlobals) = postSolution
		SolutionGuid = {08174DBA-E2C1-4898-AF35-E301B4F5E27F}
	EndGlobalSection
EndGlobal
