
Microsoft Visual Studio Solution File, Format Version 12.00
# Visual Studio Version 17
VisualStudioVersion = 17.13.35806.99
MinimumVisualStudioVersion = 10.0.40219.1
Project("{FAE04EC0-301F-11D3-BF4B-00C04F79EFBC}") = "ConsoleApp", "ConsoleApp\ConsoleApp.csproj", "{0FC3B05E-99AC-4B24-AA19-3AEBD74A3689}"
EndProject
Project("{FAE04EC0-301F-11D3-BF4B-00C04F79EFBC}") = "Domain", "Domain\Domain.csproj", "{4831294C-F8EC-423C-B20C-AC5710294E8A}"
EndProject
Project("{FAE04EC0-301F-11D3-BF4B-00C04F79EFBC}") = "Infrastructure", "Infrastructure\Infrastructure.csproj", "{5577543F-9BC1-455A-8A11-B5EBA2E75BD2}"
EndProject
Project("{FAE04EC0-301F-11D3-BF4B-00C04F79EFBC}") = "DomainTests", "DomainTests\DomainTests.csproj", "{7C0C7322-A25E-4AC9-8C5D-D20357152EAE}"
EndProject
Global
	GlobalSection(SolutionConfigurationPlatforms) = preSolution
		Debug|Any CPU = Debug|Any CPU
		Release|Any CPU = Release|Any CPU
	EndGlobalSection
	GlobalSection(ProjectConfigurationPlatforms) = postSolution
		{0FC3B05E-99AC-4B24-AA19-3AEBD74A3689}.Debug|Any CPU.ActiveCfg = Debug|Any CPU
		{0FC3B05E-99AC-4B24-AA19-3AEBD74A3689}.Debug|Any CPU.Build.0 = Debug|Any CPU
		{0FC3B05E-99AC-4B24-AA19-3AEBD74A3689}.Release|Any CPU.ActiveCfg = Release|Any CPU
		{0FC3B05E-99AC-4B24-AA19-3AEBD74A3689}.Release|Any CPU.Build.0 = Release|Any CPU
		{4831294C-F8EC-423C-B20C-AC5710294E8A}.Debug|Any CPU.ActiveCfg = Debug|Any CPU
		{4831294C-F8EC-423C-B20C-AC5710294E8A}.Debug|Any CPU.Build.0 = Debug|Any CPU
		{4831294C-F8EC-423C-B20C-AC5710294E8A}.Release|Any CPU.ActiveCfg = Release|Any CPU
		{4831294C-F8EC-423C-B20C-AC5710294E8A}.Release|Any CPU.Build.0 = Release|Any CPU
		{5577543F-9BC1-455A-8A11-B5EBA2E75BD2}.Debug|Any CPU.ActiveCfg = Debug|Any CPU
		{5577543F-9BC1-455A-8A11-B5EBA2E75BD2}.Debug|Any CPU.Build.0 = Debug|Any CPU
		{5577543F-9BC1-455A-8A11-B5EBA2E75BD2}.Release|Any CPU.ActiveCfg = Release|Any CPU
		{5577543F-9BC1-455A-8A11-B5EBA2E75BD2}.Release|Any CPU.Build.0 = Release|Any CPU
		{7C0C7322-A25E-4AC9-8C5D-D20357152EAE}.Debug|Any CPU.ActiveCfg = Debug|Any CPU
		{7C0C7322-A25E-4AC9-8C5D-D20357152EAE}.Debug|Any CPU.Build.0 = Debug|Any CPU
		{7C0C7322-A25E-4AC9-8C5D-D20357152EAE}.Release|Any CPU.ActiveCfg = Release|Any CPU
		{7C0C7322-A25E-4AC9-8C5D-D20357152EAE}.Release|Any CPU.Build.0 = Release|Any CPU
	EndGlobalSection
	GlobalSection(SolutionProperties) = preSolution
		HideSolutionNode = FALSE
	EndGlobalSection
	GlobalSection(ExtensibilityGlobals) = postSolution
		SolutionGuid = {8FF7B9D9-11A1-451F-8A6F-3DCE308BBB36}
	EndGlobalSection
EndGlobal
